
Microsoft Visual Studio Solution File, Format Version 12.00
# Visual Studio Version 16
VisualStudioVersion = 16.0.31624.102
MinimumVisualStudioVersion = 10.0.40219.1
Project("{8BC9CEB8-8B4A-11D0-8D11-00A0C91BC942}") = "1000tasks", "1000tasks\1000tasks.vcxproj", "{1119F16F-01C1-4AC1-97C4-0EB72C1ED2EE}"
EndProject
Global
	GlobalSection(SolutionConfigurationPlatforms) = preSolution
		Debug|x64 = Debug|x64
		Debug|x86 = Debug|x86
		Release|x64 = Release|x64
		Release|x86 = Release|x86
	EndGlobalSection
	GlobalSection(ProjectConfigurationPlatforms) = postSolution
		{1119F16F-01C1-4AC1-97C4-0EB72C1ED2EE}.Debug|x64.ActiveCfg = Debug|x64
		{1119F16F-01C1-4AC1-97C4-0EB72C1ED2EE}.Debug|x64.Build.0 = Debug|x64
		{1119F16F-01C1-4AC1-97C4-0EB72C1ED2EE}.Debug|x86.ActiveCfg = Debug|Win32
		{1119F16F-01C1-4AC1-97C4-0EB72C1ED2EE}.Debug|x86.Build.0 = Debug|Win32
		{1119F16F-01C1-4AC1-97C4-0EB72C1ED2EE}.Release|x64.ActiveCfg = Release|x64
		{1119F16F-01C1-4AC1-97C4-0EB72C1ED2EE}.Release|x64.Build.0 = Release|x64
		{1119F16F-01C1-4AC1-97C4-0EB72C1ED2EE}.Release|x86.ActiveCfg = Release|Win32
		{1119F16F-01C1-4AC1-97C4-0EB72C1ED2EE}.Release|x86.Build.0 = Release|Win32
	EndGlobalSection
	GlobalSection(SolutionProperties) = preSolution
		HideSolutionNode = FALSE
	EndGlobalSection
	GlobalSection(ExtensibilityGlobals) = postSolution
		SolutionGuid = {0AB2AB28-D7C0-4D72-A950-6663812D6797}
	EndGlobalSection
EndGlobal
